
Microsoft Visual Studio Solution File, Format Version 12.00
# Visual Studio 2013
VisualStudioVersion = 12.0.21005.1
MinimumVisualStudioVersion = 10.0.40219.1
Project("{FAE04EC0-301F-11D3-BF4B-00C04F79EFBC}") = "AmbientWeatherSample", "AmbientWeatherSample\AmbientWeatherSample.csproj", "{197992F5-122E-4623-80E6-18311B4415AF}"
EndProject
Project("{FAE04EC0-301F-11D3-BF4B-00C04F79EFBC}") = "AmbientWeather", "AmbientWeatherProtocol\AmbientWeather.csproj", "{2C268F73-74FA-4077-A039-709A4ACC1282}"
EndProject
Project("{2150E333-8FDC-42A3-9474-1A3956D46DE8}") = ".nuget", ".nuget", "{3027CB57-8CBE-4BEA-8987-5B2A0623C0C7}"
	ProjectSection(SolutionItems) = preProject
		.nuget\NuGet.Config = .nuget\NuGet.Config
		.nuget\NuGet.exe = .nuget\NuGet.exe
		.nuget\NuGet.targets = .nuget\NuGet.targets
	EndProjectSection
EndProject
Project("{2150E333-8FDC-42A3-9474-1A3956D46DE8}") = "Documentation", "Documentation", "{1323E432-807F-4AA6-AE54-D0009B298AE6}"
	ProjectSection(SolutionItems) = preProject
		Documentation\format.c = Documentation\format.c
		Documentation\ws-1080-1090-2080-cal.doc = Documentation\ws-1080-1090-2080-cal.doc
	EndProjectSection
EndProject
Global
	GlobalSection(SolutionConfigurationPlatforms) = preSolution
		Debug|Any CPU = Debug|Any CPU
		Release|Any CPU = Release|Any CPU
	EndGlobalSection
	GlobalSection(ProjectConfigurationPlatforms) = postSolution
		{197992F5-122E-4623-80E6-18311B4415AF}.Debug|Any CPU.ActiveCfg = Debug|Any CPU
		{197992F5-122E-4623-80E6-18311B4415AF}.Debug|Any CPU.Build.0 = Debug|Any CPU
		{197992F5-122E-4623-80E6-18311B4415AF}.Release|Any CPU.ActiveCfg = Release|Any CPU
		{197992F5-122E-4623-80E6-18311B4415AF}.Release|Any CPU.Build.0 = Release|Any CPU
		{2C268F73-74FA-4077-A039-709A4ACC1282}.Debug|Any CPU.ActiveCfg = Debug|Any CPU
		{2C268F73-74FA-4077-A039-709A4ACC1282}.Debug|Any CPU.Build.0 = Debug|Any CPU
		{2C268F73-74FA-4077-A039-709A4ACC1282}.Release|Any CPU.ActiveCfg = Release|Any CPU
		{2C268F73-74FA-4077-A039-709A4ACC1282}.Release|Any CPU.Build.0 = Release|Any CPU
	EndGlobalSection
	GlobalSection(SolutionProperties) = preSolution
		HideSolutionNode = FALSE
	EndGlobalSection
EndGlobal
